
Microsoft Visual Studio Solution File, Format Version 12.00
# Visual Studio Version 16
VisualStudioVersion = 16.0.31105.61
MinimumVisualStudioVersion = 10.0.40219.1
Project("{9A19103F-16F7-4668-BE54-9A1E7A4F7556}") = "IdentityServer", "IdentityServer.csproj", "{FEC98EAD-B828-42BD-BF63-B83483EB1640}"
EndProject
Global
	GlobalSection(SolutionConfigurationPlatforms) = preSolution
		Debug|Any CPU = Debug|Any CPU
		Release|Any CPU = Release|Any CPU
	EndGlobalSection
	GlobalSection(ProjectConfigurationPlatforms) = postSolution
		{FEC98EAD-B828-42BD-BF63-B83483EB1640}.Debug|Any CPU.ActiveCfg = Debug|Any CPU
		{FEC98EAD-B828-42BD-BF63-B83483EB1640}.Debug|Any CPU.Build.0 = Debug|Any CPU
		{FEC98EAD-B828-42BD-BF63-B83483EB1640}.Release|Any CPU.ActiveCfg = Release|Any CPU
		{FEC98EAD-B828-42BD-BF63-B83483EB1640}.Release|Any CPU.Build.0 = Release|Any CPU
	EndGlobalSection
	GlobalSection(SolutionProperties) = preSolution
		HideSolutionNode = FALSE
	EndGlobalSection
	GlobalSection(ExtensibilityGlobals) = postSolution
		SolutionGuid = {1F0944DC-0C44-426C-8B6A-9E01D124EB2B}
	EndGlobalSection
EndGlobal
